
Microsoft Visual Studio Solution File, Format Version 12.00
# Visual Studio 2013
VisualStudioVersion = 12.0.31101.0
MinimumVisualStudioVersion = 10.0.40219.1
Project("{FAE04EC0-301F-11D3-BF4B-00C04F79EFBC}") = "HelloWorldServer", "HelloWorldServer\HelloWorldServer.csproj", "{1B3E82BD-7E94-4CC9-AB20-D3D74FD3E6C2}"
EndProject
Project("{FAE04EC0-301F-11D3-BF4B-00C04F79EFBC}") = "HelloWorldClient", "HelloWorldClient\HelloWorldClient.csproj", "{B840C8F9-6343-4592-A39D-7A44181B2EA2}"
EndProject
Project("{2150E333-8FDC-42A3-9474-1A3956D46DE8}") = "Reliable Request-Reply Patterns", "Reliable Request-Reply Patterns", "{50C6ACEA-F618-426A-9959-92A9E6EB4392}"
EndProject
Project("{FAE04EC0-301F-11D3-BF4B-00C04F79EFBC}") = "TicksPubServer", "TicksPubServer\TicksPubServer.csproj", "{0557FFD3-8E15-4AA9-8540-E2DA375B5409}"
EndProject
Project("{2150E333-8FDC-42A3-9474-1A3956D46DE8}") = "Publish-Subscribe Patterns", "Publish-Subscribe Patterns", "{53C9C49D-F856-439C-A0C9-6B229214308C}"
EndProject
Project("{FAE04EC0-301F-11D3-BF4B-00C04F79EFBC}") = "TicksPubClient", "TicksPubClient\TicksPubClient.csproj", "{5CCBA78F-8B81-4659-9323-51C94E1BFA25}"
EndProject
Project("{2150E333-8FDC-42A3-9474-1A3956D46DE8}") = "Divide and Conquer Patterns", "Divide and Conquer Patterns", "{7081611E-E6A0-4132-B156-50846CB9AE0D}"
EndProject
Project("{FAE04EC0-301F-11D3-BF4B-00C04F79EFBC}") = "TaskVent", "TaskVent\TaskVent.csproj", "{09DF106E-90E9-409E-B456-0AAD6039E7D8}"
EndProject
Project("{FAE04EC0-301F-11D3-BF4B-00C04F79EFBC}") = "TaskWork", "TaskWork\TaskWork.csproj", "{670F599C-8918-470B-B4AE-4E024B6CFF29}"
EndProject
Project("{FAE04EC0-301F-11D3-BF4B-00C04F79EFBC}") = "TaskSink", "TaskSink\TaskSink.csproj", "{F33DB8EC-A6D1-42D5-861E-20EB8EFB421D}"
EndProject
Global
	GlobalSection(SolutionConfigurationPlatforms) = preSolution
		Debug|Any CPU = Debug|Any CPU
		Release|Any CPU = Release|Any CPU
	EndGlobalSection
	GlobalSection(ProjectConfigurationPlatforms) = postSolution
		{1B3E82BD-7E94-4CC9-AB20-D3D74FD3E6C2}.Debug|Any CPU.ActiveCfg = Debug|Any CPU
		{1B3E82BD-7E94-4CC9-AB20-D3D74FD3E6C2}.Debug|Any CPU.Build.0 = Debug|Any CPU
		{1B3E82BD-7E94-4CC9-AB20-D3D74FD3E6C2}.Release|Any CPU.ActiveCfg = Release|Any CPU
		{1B3E82BD-7E94-4CC9-AB20-D3D74FD3E6C2}.Release|Any CPU.Build.0 = Release|Any CPU
		{B840C8F9-6343-4592-A39D-7A44181B2EA2}.Debug|Any CPU.ActiveCfg = Debug|Any CPU
		{B840C8F9-6343-4592-A39D-7A44181B2EA2}.Debug|Any CPU.Build.0 = Debug|Any CPU
		{B840C8F9-6343-4592-A39D-7A44181B2EA2}.Release|Any CPU.ActiveCfg = Release|Any CPU
		{B840C8F9-6343-4592-A39D-7A44181B2EA2}.Release|Any CPU.Build.0 = Release|Any CPU
		{0557FFD3-8E15-4AA9-8540-E2DA375B5409}.Debug|Any CPU.ActiveCfg = Debug|Any CPU
		{0557FFD3-8E15-4AA9-8540-E2DA375B5409}.Debug|Any CPU.Build.0 = Debug|Any CPU
		{0557FFD3-8E15-4AA9-8540-E2DA375B5409}.Release|Any CPU.ActiveCfg = Release|Any CPU
		{0557FFD3-8E15-4AA9-8540-E2DA375B5409}.Release|Any CPU.Build.0 = Release|Any CPU
		{5CCBA78F-8B81-4659-9323-51C94E1BFA25}.Debug|Any CPU.ActiveCfg = Debug|Any CPU
		{5CCBA78F-8B81-4659-9323-51C94E1BFA25}.Debug|Any CPU.Build.0 = Debug|Any CPU
		{5CCBA78F-8B81-4659-9323-51C94E1BFA25}.Release|Any CPU.ActiveCfg = Release|Any CPU
		{5CCBA78F-8B81-4659-9323-51C94E1BFA25}.Release|Any CPU.Build.0 = Release|Any CPU
		{09DF106E-90E9-409E-B456-0AAD6039E7D8}.Debug|Any CPU.ActiveCfg = Debug|Any CPU
		{09DF106E-90E9-409E-B456-0AAD6039E7D8}.Debug|Any CPU.Build.0 = Debug|Any CPU
		{09DF106E-90E9-409E-B456-0AAD6039E7D8}.Release|Any CPU.ActiveCfg = Release|Any CPU
		{09DF106E-90E9-409E-B456-0AAD6039E7D8}.Release|Any CPU.Build.0 = Release|Any CPU
		{670F599C-8918-470B-B4AE-4E024B6CFF29}.Debug|Any CPU.ActiveCfg = Debug|Any CPU
		{670F599C-8918-470B-B4AE-4E024B6CFF29}.Debug|Any CPU.Build.0 = Debug|Any CPU
		{670F599C-8918-470B-B4AE-4E024B6CFF29}.Release|Any CPU.ActiveCfg = Release|Any CPU
		{670F599C-8918-470B-B4AE-4E024B6CFF29}.Release|Any CPU.Build.0 = Release|Any CPU
		{F33DB8EC-A6D1-42D5-861E-20EB8EFB421D}.Debug|Any CPU.ActiveCfg = Debug|Any CPU
		{F33DB8EC-A6D1-42D5-861E-20EB8EFB421D}.Debug|Any CPU.Build.0 = Debug|Any CPU
		{F33DB8EC-A6D1-42D5-861E-20EB8EFB421D}.Release|Any CPU.ActiveCfg = Release|Any CPU
		{F33DB8EC-A6D1-42D5-861E-20EB8EFB421D}.Release|Any CPU.Build.0 = Release|Any CPU
	EndGlobalSection
	GlobalSection(SolutionProperties) = preSolution
		HideSolutionNode = FALSE
	EndGlobalSection
	GlobalSection(NestedProjects) = preSolution
		{1B3E82BD-7E94-4CC9-AB20-D3D74FD3E6C2} = {50C6ACEA-F618-426A-9959-92A9E6EB4392}
		{B840C8F9-6343-4592-A39D-7A44181B2EA2} = {50C6ACEA-F618-426A-9959-92A9E6EB4392}
		{0557FFD3-8E15-4AA9-8540-E2DA375B5409} = {53C9C49D-F856-439C-A0C9-6B229214308C}
		{5CCBA78F-8B81-4659-9323-51C94E1BFA25} = {53C9C49D-F856-439C-A0C9-6B229214308C}
		{09DF106E-90E9-409E-B456-0AAD6039E7D8} = {7081611E-E6A0-4132-B156-50846CB9AE0D}
		{670F599C-8918-470B-B4AE-4E024B6CFF29} = {7081611E-E6A0-4132-B156-50846CB9AE0D}
		{F33DB8EC-A6D1-42D5-861E-20EB8EFB421D} = {7081611E-E6A0-4132-B156-50846CB9AE0D}
	EndGlobalSection
EndGlobal
